
Microsoft Visual Studio Solution File, Format Version 12.00
# Visual Studio Version 16
VisualStudioVersion = 16.0.30503.244
MinimumVisualStudioVersion = 10.0.40219.1
Project("{9A19103F-16F7-4668-BE54-9A1E7A4F7556}") = "WebPhotoHostGeneral", "WebPhotoHostGeneral\WebPhotoHostGeneral.csproj", "{63C8D89F-49AC-4B64-9DDE-5F554886BAD2}"
EndProject
Project("{9A19103F-16F7-4668-BE54-9A1E7A4F7556}") = "WebPhotoHostL.Services", "WebPhotoHostL.Services\WebPhotoHostL.Services.csproj", "{2C138F6E-F3D2-4699-973C-BED65D368ED1}"
EndProject
Project("{9A19103F-16F7-4668-BE54-9A1E7A4F7556}") = "WebPhotoHostL.Models", "WebPhotoHostL.Models\WebPhotoHostL.Models.csproj", "{A63F1E7D-C561-4DE6-9879-3B99E78BA8C2}"
EndProject
Global
	GlobalSection(SolutionConfigurationPlatforms) = preSolution
		Debug|Any CPU = Debug|Any CPU
		Release|Any CPU = Release|Any CPU
	EndGlobalSection
	GlobalSection(ProjectConfigurationPlatforms) = postSolution
		{63C8D89F-49AC-4B64-9DDE-5F554886BAD2}.Debug|Any CPU.ActiveCfg = Debug|Any CPU
		{63C8D89F-49AC-4B64-9DDE-5F554886BAD2}.Debug|Any CPU.Build.0 = Debug|Any CPU
		{63C8D89F-49AC-4B64-9DDE-5F554886BAD2}.Release|Any CPU.ActiveCfg = Release|Any CPU
		{63C8D89F-49AC-4B64-9DDE-5F554886BAD2}.Release|Any CPU.Build.0 = Release|Any CPU
		{2C138F6E-F3D2-4699-973C-BED65D368ED1}.Debug|Any CPU.ActiveCfg = Debug|Any CPU
		{2C138F6E-F3D2-4699-973C-BED65D368ED1}.Debug|Any CPU.Build.0 = Debug|Any CPU
		{2C138F6E-F3D2-4699-973C-BED65D368ED1}.Release|Any CPU.ActiveCfg = Release|Any CPU
		{2C138F6E-F3D2-4699-973C-BED65D368ED1}.Release|Any CPU.Build.0 = Release|Any CPU
		{A63F1E7D-C561-4DE6-9879-3B99E78BA8C2}.Debug|Any CPU.ActiveCfg = Debug|Any CPU
		{A63F1E7D-C561-4DE6-9879-3B99E78BA8C2}.Debug|Any CPU.Build.0 = Debug|Any CPU
		{A63F1E7D-C561-4DE6-9879-3B99E78BA8C2}.Release|Any CPU.ActiveCfg = Release|Any CPU
		{A63F1E7D-C561-4DE6-9879-3B99E78BA8C2}.Release|Any CPU.Build.0 = Release|Any CPU
	EndGlobalSection
	GlobalSection(SolutionProperties) = preSolution
		HideSolutionNode = FALSE
	EndGlobalSection
	GlobalSection(ExtensibilityGlobals) = postSolution
		SolutionGuid = {8490C52E-B483-4427-AD5C-DA33E31750A0}
	EndGlobalSection
EndGlobal
